
Microsoft Visual Studio Solution File, Format Version 12.00
# Visual Studio Version 16
VisualStudioVersion = 16.0.29613.14
MinimumVisualStudioVersion = 10.0.40219.1
Project("{FAE04EC0-301F-11D3-BF4B-00C04F79EFBC}") = "Testss2", "Testss2\Testss2.csproj", "{FAE09AED-E573-4C4A-A01D-3EE8246FA05D}"
EndProject
Project("{FAE04EC0-301F-11D3-BF4B-00C04F79EFBC}") = "Testss2.Tests", "Testss2.Tests\Testss2.Tests.csproj", "{723D0755-FE1B-4F66-8D09-601A020C246A}"
EndProject
Global
	GlobalSection(SolutionConfigurationPlatforms) = preSolution
		Debug|Any CPU = Debug|Any CPU
		Release|Any CPU = Release|Any CPU
	EndGlobalSection
	GlobalSection(ProjectConfigurationPlatforms) = postSolution
		{FAE09AED-E573-4C4A-A01D-3EE8246FA05D}.Debug|Any CPU.ActiveCfg = Debug|Any CPU
		{FAE09AED-E573-4C4A-A01D-3EE8246FA05D}.Debug|Any CPU.Build.0 = Debug|Any CPU
		{FAE09AED-E573-4C4A-A01D-3EE8246FA05D}.Release|Any CPU.ActiveCfg = Release|Any CPU
		{FAE09AED-E573-4C4A-A01D-3EE8246FA05D}.Release|Any CPU.Build.0 = Release|Any CPU
		{723D0755-FE1B-4F66-8D09-601A020C246A}.Debug|Any CPU.ActiveCfg = Debug|Any CPU
		{723D0755-FE1B-4F66-8D09-601A020C246A}.Debug|Any CPU.Build.0 = Debug|Any CPU
		{723D0755-FE1B-4F66-8D09-601A020C246A}.Release|Any CPU.ActiveCfg = Release|Any CPU
		{723D0755-FE1B-4F66-8D09-601A020C246A}.Release|Any CPU.Build.0 = Release|Any CPU
	EndGlobalSection
	GlobalSection(SolutionProperties) = preSolution
		HideSolutionNode = FALSE
	EndGlobalSection
	GlobalSection(ExtensibilityGlobals) = postSolution
		SolutionGuid = {C5D0BA6C-29AC-4EDA-B72F-154E0368CBD2}
	EndGlobalSection
EndGlobal
